{
  "originHash" : "089e8a98d8934104d085ef56f4bf4fdd7a860571d17e10aca6bc14cea5ca4409",
  "pins" : [
    {
      "identity" : "signalr-client-swift",
      "kind" : "remoteSourceControl",
      "location" : "https://github.com/dotnet/signalr-client-swift.git",
      "state" : {
        "branch" : "main",
        "revision" : "1a27323e478ad75dc8383a11f0c5d5cce62afc6e"
      }
    }
  ],
  "version" : 3
}
